
Microsoft Visual Studio Solution File, Format Version 12.00
# Visual Studio 2015
Project("{FAE04EC0-301F-11D3-BF4B-00C04F79EFBC}") = "loginregister", "loginregister.csproj", "{613C0AA0-2D00-F19F-C1EA-492952EEC2AF}"
EndProject
Project("{FAE04EC0-301F-11D3-BF4B-00C04F79EFBC}") = "loginregister.Editor", "loginregister.Editor.csproj", "{D92A382F-50AA-ABB5-0B7A-F6C085CE9101}"
EndProject
Global
	GlobalSection(SolutionConfigurationPlatforms) = preSolution
		Debug|Any CPU = Debug|Any CPU
		Release|Any CPU = Release|Any CPU
	EndGlobalSection
	GlobalSection(ProjectConfigurationPlatforms) = postSolution
		{613C0AA0-2D00-F19F-C1EA-492952EEC2AF}.Debug|Any CPU.ActiveCfg = Debug|Any CPU
		{613C0AA0-2D00-F19F-C1EA-492952EEC2AF}.Debug|Any CPU.Build.0 = Debug|Any CPU
		{613C0AA0-2D00-F19F-C1EA-492952EEC2AF}.Release|Any CPU.ActiveCfg = Release|Any CPU
		{613C0AA0-2D00-F19F-C1EA-492952EEC2AF}.Release|Any CPU.Build.0 = Release|Any CPU
		{D92A382F-50AA-ABB5-0B7A-F6C085CE9101}.Debug|Any CPU.ActiveCfg = Debug|Any CPU
		{D92A382F-50AA-ABB5-0B7A-F6C085CE9101}.Debug|Any CPU.Build.0 = Debug|Any CPU
		{D92A382F-50AA-ABB5-0B7A-F6C085CE9101}.Release|Any CPU.ActiveCfg = Release|Any CPU
		{D92A382F-50AA-ABB5-0B7A-F6C085CE9101}.Release|Any CPU.Build.0 = Release|Any CPU
	EndGlobalSection
	GlobalSection(SolutionProperties) = preSolution
		HideSolutionNode = FALSE
	EndGlobalSection
EndGlobal
